
Microsoft Visual Studio Solution File, Format Version 12.00
# Visual Studio Version 16
VisualStudioVersion = 16.0.30320.27
MinimumVisualStudioVersion = 10.0.40219.1
Project("{FAE04EC0-301F-11D3-BF4B-00C04F79EFBC}") = "DanielGitHubLoginProject", "DanielGitHubLoginProject\DanielGitHubLoginProject.csproj", "{728630A1-1446-4B73-8D79-E568276CB67B}"
EndProject
Global
	GlobalSection(SolutionConfigurationPlatforms) = preSolution
		Debug|Any CPU = Debug|Any CPU
		Release|Any CPU = Release|Any CPU
	EndGlobalSection
	GlobalSection(ProjectConfigurationPlatforms) = postSolution
		{728630A1-1446-4B73-8D79-E568276CB67B}.Debug|Any CPU.ActiveCfg = Debug|Any CPU
		{728630A1-1446-4B73-8D79-E568276CB67B}.Debug|Any CPU.Build.0 = Debug|Any CPU
		{728630A1-1446-4B73-8D79-E568276CB67B}.Release|Any CPU.ActiveCfg = Release|Any CPU
		{728630A1-1446-4B73-8D79-E568276CB67B}.Release|Any CPU.Build.0 = Release|Any CPU
	EndGlobalSection
	GlobalSection(SolutionProperties) = preSolution
		HideSolutionNode = FALSE
	EndGlobalSection
	GlobalSection(ExtensibilityGlobals) = postSolution
		SolutionGuid = {423F1BC7-07D7-4506-88E7-193C05E9F4F5}
	EndGlobalSection
EndGlobal
